{
  "version": 1,
  "dependencies": {
    "net8.0": {
      "Google.Protobuf": {
        "type": "Direct",
        "requested": "[3.31.1, )",
        "resolved": "3.31.1",
        "contentHash": "gSnJbUmGiOTdWddPhqzrEscHq9Ls6sqRDPB9WptckyjTUyx70JOOAaDLkFff8gManZNN3hllQ4aQInnQyq/Z/A=="
      },
      "Grpc.Core.Api": {
        "type": "Direct",
        "requested": "[2.71.0, )",
        "resolved": "2.71.0",
        "contentHash": "QquqUC37yxsDzd1QaDRsH2+uuznWPTS8CVE2Yzwl3CvU4geTNkolQXoVN812M2IwT6zpv3jsZRc9ExJFNFslTg=="
      },
      "Grpc.Tools": {
        "type": "Direct",
        "requested": "[2.71.0, )",
        "resolved": "2.71.0",
        "contentHash": "r8zHZm7kHdMrtujnkcuQ0BNDH2969at/8Va1ZzQgVblaQzR7tm8JlA3G+5Z5IFbvvf9PcAr1/VcoSR+g7j4Nyw=="
      },
      "latent.sdk": {
        "type": "Project"
      }
    }
  }
}